
Microsoft Visual Studio Solution File, Format Version 12.00
# Visual Studio Version 17
VisualStudioVersion = 17.9.34728.123
MinimumVisualStudioVersion = 10.0.40219.1
Project("{FAE04EC0-301F-11D3-BF4B-00C04F79EFBC}") = "WebBanSach", "WebBanSach\WebBanSach.csproj", "{785280B5-6284-449B-B20F-E158F3878464}"
EndProject
Global
	GlobalSection(SolutionConfigurationPlatforms) = preSolution
		Debug|Any CPU = Debug|Any CPU
		Release|Any CPU = Release|Any CPU
	EndGlobalSection
	GlobalSection(ProjectConfigurationPlatforms) = postSolution
		{785280B5-6284-449B-B20F-E158F3878464}.Debug|Any CPU.ActiveCfg = Debug|Any CPU
		{785280B5-6284-449B-B20F-E158F3878464}.Debug|Any CPU.Build.0 = Debug|Any CPU
		{785280B5-6284-449B-B20F-E158F3878464}.Release|Any CPU.ActiveCfg = Release|Any CPU
		{785280B5-6284-449B-B20F-E158F3878464}.Release|Any CPU.Build.0 = Release|Any CPU
	EndGlobalSection
	GlobalSection(SolutionProperties) = preSolution
		HideSolutionNode = FALSE
	EndGlobalSection
	GlobalSection(ExtensibilityGlobals) = postSolution
		SolutionGuid = {3848928A-6B8F-4B9B-9EEB-80C835D55A77}
	EndGlobalSection
EndGlobal
